
Microsoft Visual Studio Solution File, Format Version 12.00
# Visual Studio Version 17
VisualStudioVersion = 17.1.32421.90
MinimumVisualStudioVersion = 10.0.40219.1
Project("{FAE04EC0-301F-11D3-BF4B-00C04F79EFBC}") = "AutoRepairShop.Api", "AutoRepairShop\AutoRepairShop.Api.csproj", "{AFDEE63F-0246-4510-9195-2D95DC120174}"
EndProject
Project("{FAE04EC0-301F-11D3-BF4B-00C04F79EFBC}") = "AutoRepairShop.Domain", "AutoRepairShop.Domain\AutoRepairShop.Domain.csproj", "{9F1335C5-AAE4-47D3-A8AB-89FAAB80F9BC}"
EndProject
Project("{FAE04EC0-301F-11D3-BF4B-00C04F79EFBC}") = "AutoRepairShop.Arguments", "AutoRepairShop.Arguments\AutoRepairShop.Arguments.csproj", "{5E412603-6B7F-4881-93EC-517251D3B293}"
EndProject
Global
	GlobalSection(SolutionConfigurationPlatforms) = preSolution
		Debug|Any CPU = Debug|Any CPU
		Release|Any CPU = Release|Any CPU
	EndGlobalSection
	GlobalSection(ProjectConfigurationPlatforms) = postSolution
		{AFDEE63F-0246-4510-9195-2D95DC120174}.Debug|Any CPU.ActiveCfg = Debug|Any CPU
		{AFDEE63F-0246-4510-9195-2D95DC120174}.Debug|Any CPU.Build.0 = Debug|Any CPU
		{AFDEE63F-0246-4510-9195-2D95DC120174}.Release|Any CPU.ActiveCfg = Release|Any CPU
		{AFDEE63F-0246-4510-9195-2D95DC120174}.Release|Any CPU.Build.0 = Release|Any CPU
		{9F1335C5-AAE4-47D3-A8AB-89FAAB80F9BC}.Debug|Any CPU.ActiveCfg = Debug|Any CPU
		{9F1335C5-AAE4-47D3-A8AB-89FAAB80F9BC}.Debug|Any CPU.Build.0 = Debug|Any CPU
		{9F1335C5-AAE4-47D3-A8AB-89FAAB80F9BC}.Release|Any CPU.ActiveCfg = Release|Any CPU
		{9F1335C5-AAE4-47D3-A8AB-89FAAB80F9BC}.Release|Any CPU.Build.0 = Release|Any CPU
		{5E412603-6B7F-4881-93EC-517251D3B293}.Debug|Any CPU.ActiveCfg = Debug|Any CPU
		{5E412603-6B7F-4881-93EC-517251D3B293}.Debug|Any CPU.Build.0 = Debug|Any CPU
		{5E412603-6B7F-4881-93EC-517251D3B293}.Release|Any CPU.ActiveCfg = Release|Any CPU
		{5E412603-6B7F-4881-93EC-517251D3B293}.Release|Any CPU.Build.0 = Release|Any CPU
	EndGlobalSection
	GlobalSection(SolutionProperties) = preSolution
		HideSolutionNode = FALSE
	EndGlobalSection
	GlobalSection(ExtensibilityGlobals) = postSolution
		SolutionGuid = {1D12D528-4EAB-47D0-9CCA-1A182326A542}
	EndGlobalSection
EndGlobal
